
Microsoft Visual Studio Solution File, Format Version 12.00
# Visual Studio Version 17
VisualStudioVersion = 17.10.35027.167
MinimumVisualStudioVersion = 10.0.40219.1
Project("{FAE04EC0-301F-11D3-BF4B-00C04F79EFBC}") = "DailyAuto", "DailyAuto\DailyAuto.csproj", "{31378CB1-4E5B-4A33-BFA8-21B5AE84155D}"
EndProject
Global
	GlobalSection(SolutionConfigurationPlatforms) = preSolution
		Debug|Any CPU = Debug|Any CPU
		Release|Any CPU = Release|Any CPU
	EndGlobalSection
	GlobalSection(ProjectConfigurationPlatforms) = postSolution
		{31378CB1-4E5B-4A33-BFA8-21B5AE84155D}.Debug|Any CPU.ActiveCfg = Debug|Any CPU
		{31378CB1-4E5B-4A33-BFA8-21B5AE84155D}.Debug|Any CPU.Build.0 = Debug|Any CPU
		{31378CB1-4E5B-4A33-BFA8-21B5AE84155D}.Release|Any CPU.ActiveCfg = Release|Any CPU
		{31378CB1-4E5B-4A33-BFA8-21B5AE84155D}.Release|Any CPU.Build.0 = Release|Any CPU
	EndGlobalSection
	GlobalSection(SolutionProperties) = preSolution
		HideSolutionNode = FALSE
	EndGlobalSection
	GlobalSection(ExtensibilityGlobals) = postSolution
		SolutionGuid = {225621A7-155D-4AAB-887B-7B4BB70890D1}
	EndGlobalSection
EndGlobal
